
Microsoft Visual Studio Solution File, Format Version 12.00
# Visual Studio Version 17
VisualStudioVersion = 17.14.36414.22 d17.14
MinimumVisualStudioVersion = 10.0.40219.1
Project("{FAE04EC0-301F-11D3-BF4B-00C04F79EFBC}") = "filaePilha", "filaePilha\filaePilha.csproj", "{64EF1A1A-F78C-404B-8172-A34F63BB3C3E}"
EndProject
Global
	GlobalSection(SolutionConfigurationPlatforms) = preSolution
		Debug|Any CPU = Debug|Any CPU
		Release|Any CPU = Release|Any CPU
	EndGlobalSection
	GlobalSection(ProjectConfigurationPlatforms) = postSolution
		{64EF1A1A-F78C-404B-8172-A34F63BB3C3E}.Debug|Any CPU.ActiveCfg = Debug|Any CPU
		{64EF1A1A-F78C-404B-8172-A34F63BB3C3E}.Debug|Any CPU.Build.0 = Debug|Any CPU
		{64EF1A1A-F78C-404B-8172-A34F63BB3C3E}.Release|Any CPU.ActiveCfg = Release|Any CPU
		{64EF1A1A-F78C-404B-8172-A34F63BB3C3E}.Release|Any CPU.Build.0 = Release|Any CPU
	EndGlobalSection
	GlobalSection(SolutionProperties) = preSolution
		HideSolutionNode = FALSE
	EndGlobalSection
	GlobalSection(ExtensibilityGlobals) = postSolution
		SolutionGuid = {03377320-2A6B-4C59-9A33-A1B167577218}
	EndGlobalSection
EndGlobal
